
Microsoft Visual Studio Solution File, Format Version 12.00
# Visual Studio Version 17
VisualStudioVersion = 17.9.34728.123
MinimumVisualStudioVersion = 10.0.40219.1
Project("{FAE04EC0-301F-11D3-BF4B-00C04F79EFBC}") = "Calculadora_allan", "Calculadora_allan\Calculadora_allan.csproj", "{0D5C3A48-6004-44EB-9D47-B5CA031DD4E7}"
EndProject
Global
	GlobalSection(SolutionConfigurationPlatforms) = preSolution
		Debug|Any CPU = Debug|Any CPU
		Release|Any CPU = Release|Any CPU
	EndGlobalSection
	GlobalSection(ProjectConfigurationPlatforms) = postSolution
		{0D5C3A48-6004-44EB-9D47-B5CA031DD4E7}.Debug|Any CPU.ActiveCfg = Debug|Any CPU
		{0D5C3A48-6004-44EB-9D47-B5CA031DD4E7}.Debug|Any CPU.Build.0 = Debug|Any CPU
		{0D5C3A48-6004-44EB-9D47-B5CA031DD4E7}.Release|Any CPU.ActiveCfg = Release|Any CPU
		{0D5C3A48-6004-44EB-9D47-B5CA031DD4E7}.Release|Any CPU.Build.0 = Release|Any CPU
	EndGlobalSection
	GlobalSection(SolutionProperties) = preSolution
		HideSolutionNode = FALSE
	EndGlobalSection
	GlobalSection(ExtensibilityGlobals) = postSolution
		SolutionGuid = {2628F77D-0C7A-42D4-9A5F-4F735A1FD34D}
	EndGlobalSection
EndGlobal
